{
  "name": "glowny-shop-shop",
  "version": "0.1.0",
  "lockfileVersion": 1,
  "dependencies": {
    "accounting": {
      "version": "0.4.1",
      "resolved": "https://registry.npmjs.org/accounting/-/accounting-0.4.1.tgz",
      "integrity": "sha1-h91BA+/39EYPHhhvXGd+1s9WaIM="
    },
    "currency-codes": {
      "version": "1.1.2",
      "resolved": "https://registry.npmjs.org/currency-codes/-/currency-codes-1.1.2.tgz",
      "integrity": "sha1-YNM0J5+BnSlgXB/1GK3hetZoEwg="
    },
    "currency-formatter": {
      "version": "1.2.1",
      "resolved": "https://registry.npmjs.org/currency-formatter/-/currency-formatter-1.2.1.tgz",
      "integrity": "sha1-Ru2AmAKVs7ZuvFnNjQyV6DjHQeI="
    },
    "first-match": {
      "version": "0.0.1",
      "resolved": "https://registry.npmjs.org/first-match/-/first-match-0.0.1.tgz",
      "integrity": "sha1-pg7GQnAPD0NyNOu37D84JHblQv0="
    },
    "locale-currency": {
      "version": "0.0.1",
      "resolved": "https://registry.npmjs.org/locale-currency/-/locale-currency-0.0.1.tgz",
      "integrity": "sha1-yeFaIv9XW0tLuUekv5KsI2vR/ps="
    },
    "nub": {
      "version": "0.0.0",
      "resolved": "https://registry.npmjs.org/nub/-/nub-0.0.0.tgz",
      "integrity": "sha1-s2m9Mr3eZq9ZYFw7BSC8IZ3MwE8="
    },
    "object-assign": {
      "version": "4.1.1",
      "resolved": "https://registry.npmjs.org/object-assign/-/object-assign-4.1.1.tgz",
      "integrity": "sha1-IQmtx5ZYh8/AXLvUQsrIv7s2CGM="
    }
  }
}
