{
  "name": "glowny-shop-shop",
  "version": "0.1.0",
  "lockfileVersion": 1,
  "dependencies": {
    "accounting": {
      "version": "0.4.1",
      "resolved": "https://registry.npmjs.org/accounting/-/accounting-0.4.1.tgz",
      "integrity": "sha1-h91BA+/39EYPHhhvXGd+1s9WaIM="
    },
    "currency-formatter": {
      "version": "1.2.1",
      "resolved": "https://registry.npmjs.org/currency-formatter/-/currency-formatter-1.2.1.tgz",
      "integrity": "sha1-Ru2AmAKVs7ZuvFnNjQyV6DjHQeI="
    },
    "locale-currency": {
      "version": "0.0.1",
      "resolved": "https://registry.npmjs.org/locale-currency/-/locale-currency-0.0.1.tgz",
      "integrity": "sha1-yeFaIv9XW0tLuUekv5KsI2vR/ps="
    },
    "object-assign": {
      "version": "4.1.1",
      "resolved": "https://registry.npmjs.org/object-assign/-/object-assign-4.1.1.tgz",
      "integrity": "sha1-IQmtx5ZYh8/AXLvUQsrIv7s2CGM="
    }
  }
}
